
Microsoft Visual Studio Solution File, Format Version 12.00
# Visual Studio Version 17
VisualStudioVersion = 17.4.33213.308
MinimumVisualStudioVersion = 10.0.40219.1
Project("{9A19103F-16F7-4668-BE54-9A1E7A4F7556}") = "Client", "Client\Client.csproj", "{BB538301-834C-4610-BB72-F5283C32959D}"
EndProject
Project("{2150E333-8FDC-42A3-9474-1A3956D46DE8}") = "src", "src", "{0DA7E6DB-2BF5-49BE-86A7-8419DFEC76B7}"
EndProject
Project("{2150E333-8FDC-42A3-9474-1A3956D46DE8}") = "presentation", "presentation", "{BE796C13-E1B9-4D78-8AC6-093ACFE2B872}"
EndProject
Project("{2150E333-8FDC-42A3-9474-1A3956D46DE8}") = "api", "api", "{C1A044ED-FEDF-46AF-898F-BCC997153867}"
EndProject
Project("{2150E333-8FDC-42A3-9474-1A3956D46DE8}") = "infrastructure", "infrastructure", "{D8BD3B87-7C96-4D6A-9FD2-037AE01BFD60}"
EndProject
Project("{2150E333-8FDC-42A3-9474-1A3956D46DE8}") = "core", "core", "{07AD0C7D-E6F8-4D97-9C49-6E4DF4C2AA8F}"
EndProject
Project("{9A19103F-16F7-4668-BE54-9A1E7A4F7556}") = "WebApi", "WebApi\WebApi.csproj", "{7982E8A1-838E-4164-AB10-4A95B3670E42}"
EndProject
Project("{9A19103F-16F7-4668-BE54-9A1E7A4F7556}") = "Application", "Application\Application.csproj", "{D39658FF-6B31-4CBD-9A91-464BF9D8F359}"
EndProject
Project("{9A19103F-16F7-4668-BE54-9A1E7A4F7556}") = "Domain", "Domain\Domain.csproj", "{5B30EBB1-4C7B-47DB-BA9D-A728E63ED319}"
EndProject
Project("{9A19103F-16F7-4668-BE54-9A1E7A4F7556}") = "Persistence", "Persistence\Persistence.csproj", "{596B3B49-6101-4369-839C-11071689DB18}"
EndProject
Project("{2150E333-8FDC-42A3-9474-1A3956D46DE8}") = "Database", "Database", "{FD094C9B-4AF9-4F0B-8268-276A99FCA106}"
	ProjectSection(SolutionItems) = preProject
		..\..\..\Invoice.bak = ..\..\..\Invoice.bak
	EndProjectSection
EndProject
Global
	GlobalSection(SolutionConfigurationPlatforms) = preSolution
		Debug|Any CPU = Debug|Any CPU
		Release|Any CPU = Release|Any CPU
	EndGlobalSection
	GlobalSection(ProjectConfigurationPlatforms) = postSolution
		{BB538301-834C-4610-BB72-F5283C32959D}.Debug|Any CPU.ActiveCfg = Debug|Any CPU
		{BB538301-834C-4610-BB72-F5283C32959D}.Debug|Any CPU.Build.0 = Debug|Any CPU
		{BB538301-834C-4610-BB72-F5283C32959D}.Release|Any CPU.ActiveCfg = Release|Any CPU
		{BB538301-834C-4610-BB72-F5283C32959D}.Release|Any CPU.Build.0 = Release|Any CPU
		{7982E8A1-838E-4164-AB10-4A95B3670E42}.Debug|Any CPU.ActiveCfg = Debug|Any CPU
		{7982E8A1-838E-4164-AB10-4A95B3670E42}.Debug|Any CPU.Build.0 = Debug|Any CPU
		{7982E8A1-838E-4164-AB10-4A95B3670E42}.Release|Any CPU.ActiveCfg = Release|Any CPU
		{7982E8A1-838E-4164-AB10-4A95B3670E42}.Release|Any CPU.Build.0 = Release|Any CPU
		{D39658FF-6B31-4CBD-9A91-464BF9D8F359}.Debug|Any CPU.ActiveCfg = Debug|Any CPU
		{D39658FF-6B31-4CBD-9A91-464BF9D8F359}.Debug|Any CPU.Build.0 = Debug|Any CPU
		{D39658FF-6B31-4CBD-9A91-464BF9D8F359}.Release|Any CPU.ActiveCfg = Release|Any CPU
		{D39658FF-6B31-4CBD-9A91-464BF9D8F359}.Release|Any CPU.Build.0 = Release|Any CPU
		{5B30EBB1-4C7B-47DB-BA9D-A728E63ED319}.Debug|Any CPU.ActiveCfg = Debug|Any CPU
		{5B30EBB1-4C7B-47DB-BA9D-A728E63ED319}.Debug|Any CPU.Build.0 = Debug|Any CPU
		{5B30EBB1-4C7B-47DB-BA9D-A728E63ED319}.Release|Any CPU.ActiveCfg = Release|Any CPU
		{5B30EBB1-4C7B-47DB-BA9D-A728E63ED319}.Release|Any CPU.Build.0 = Release|Any CPU
		{596B3B49-6101-4369-839C-11071689DB18}.Debug|Any CPU.ActiveCfg = Debug|Any CPU
		{596B3B49-6101-4369-839C-11071689DB18}.Debug|Any CPU.Build.0 = Debug|Any CPU
		{596B3B49-6101-4369-839C-11071689DB18}.Release|Any CPU.ActiveCfg = Release|Any CPU
		{596B3B49-6101-4369-839C-11071689DB18}.Release|Any CPU.Build.0 = Release|Any CPU
	EndGlobalSection
	GlobalSection(SolutionProperties) = preSolution
		HideSolutionNode = FALSE
	EndGlobalSection
	GlobalSection(NestedProjects) = preSolution
		{BB538301-834C-4610-BB72-F5283C32959D} = {BE796C13-E1B9-4D78-8AC6-093ACFE2B872}
		{BE796C13-E1B9-4D78-8AC6-093ACFE2B872} = {0DA7E6DB-2BF5-49BE-86A7-8419DFEC76B7}
		{C1A044ED-FEDF-46AF-898F-BCC997153867} = {0DA7E6DB-2BF5-49BE-86A7-8419DFEC76B7}
		{D8BD3B87-7C96-4D6A-9FD2-037AE01BFD60} = {0DA7E6DB-2BF5-49BE-86A7-8419DFEC76B7}
		{07AD0C7D-E6F8-4D97-9C49-6E4DF4C2AA8F} = {0DA7E6DB-2BF5-49BE-86A7-8419DFEC76B7}
		{7982E8A1-838E-4164-AB10-4A95B3670E42} = {C1A044ED-FEDF-46AF-898F-BCC997153867}
		{D39658FF-6B31-4CBD-9A91-464BF9D8F359} = {07AD0C7D-E6F8-4D97-9C49-6E4DF4C2AA8F}
		{5B30EBB1-4C7B-47DB-BA9D-A728E63ED319} = {07AD0C7D-E6F8-4D97-9C49-6E4DF4C2AA8F}
		{596B3B49-6101-4369-839C-11071689DB18} = {D8BD3B87-7C96-4D6A-9FD2-037AE01BFD60}
		{FD094C9B-4AF9-4F0B-8268-276A99FCA106} = {0DA7E6DB-2BF5-49BE-86A7-8419DFEC76B7}
	EndGlobalSection
	GlobalSection(ExtensibilityGlobals) = postSolution
		SolutionGuid = {DC9B9CBA-0940-4AF3-AE69-89C41C2C2B97}
	EndGlobalSection
EndGlobal
